
Microsoft Visual Studio Solution File, Format Version 12.00
# Visual Studio Version 17
VisualStudioVersion = 17.11.35222.181
MinimumVisualStudioVersion = 10.0.40219.1
Project("{FAE04EC0-301F-11D3-BF4B-00C04F79EFBC}") = "Biblioteca", "Biblioteca\Biblioteca.csproj", "{72FB0DEC-0877-4BAA-B65B-DB85D93D29BF}"
EndProject
Global
	GlobalSection(SolutionConfigurationPlatforms) = preSolution
		Debug|Any CPU = Debug|Any CPU
		Release|Any CPU = Release|Any CPU
	EndGlobalSection
	GlobalSection(ProjectConfigurationPlatforms) = postSolution
		{72FB0DEC-0877-4BAA-B65B-DB85D93D29BF}.Debug|Any CPU.ActiveCfg = Debug|Any CPU
		{72FB0DEC-0877-4BAA-B65B-DB85D93D29BF}.Debug|Any CPU.Build.0 = Debug|Any CPU
		{72FB0DEC-0877-4BAA-B65B-DB85D93D29BF}.Release|Any CPU.ActiveCfg = Release|Any CPU
		{72FB0DEC-0877-4BAA-B65B-DB85D93D29BF}.Release|Any CPU.Build.0 = Release|Any CPU
	EndGlobalSection
	GlobalSection(SolutionProperties) = preSolution
		HideSolutionNode = FALSE
	EndGlobalSection
	GlobalSection(ExtensibilityGlobals) = postSolution
		SolutionGuid = {834ED91C-4E58-4F21-905F-3341FBE3B748}
	EndGlobalSection
EndGlobal
